
Microsoft Visual Studio Solution File, Format Version 12.00
# Visual Studio 2013
VisualStudioVersion = 12.0.30723.0
MinimumVisualStudioVersion = 10.0.40219.1
Project("{FAE04EC0-301F-11D3-BF4B-00C04F79EFBC}") = "MvcReviews", "MvcReviews\MvcReviews.csproj", "{631C46F7-5A37-48DA-9AF7-06F5240C2CDC}"
EndProject
Global
	GlobalSection(SolutionConfigurationPlatforms) = preSolution
		Debug|Any CPU = Debug|Any CPU
		Release|Any CPU = Release|Any CPU
	EndGlobalSection
	GlobalSection(ProjectConfigurationPlatforms) = postSolution
		{631C46F7-5A37-48DA-9AF7-06F5240C2CDC}.Debug|Any CPU.ActiveCfg = Debug|Any CPU
		{631C46F7-5A37-48DA-9AF7-06F5240C2CDC}.Debug|Any CPU.Build.0 = Debug|Any CPU
		{631C46F7-5A37-48DA-9AF7-06F5240C2CDC}.Release|Any CPU.ActiveCfg = Release|Any CPU
		{631C46F7-5A37-48DA-9AF7-06F5240C2CDC}.Release|Any CPU.Build.0 = Release|Any CPU
	EndGlobalSection
	GlobalSection(SolutionProperties) = preSolution
		HideSolutionNode = FALSE
	EndGlobalSection
EndGlobal
